
Microsoft Visual Studio Solution File, Format Version 12.00
# Visual Studio Version 16
VisualStudioVersion = 16.0.30621.155
MinimumVisualStudioVersion = 10.0.40219.1
Project("{FAE04EC0-301F-11D3-BF4B-00C04F79EFBC}") = "TPADestop[GA20-2]", "TPADestop[GA20-2]\TPADestop[GA20-2].csproj", "{EE663A79-2C3C-4819-85FE-1632DAC9DE04}"
EndProject
Global
	GlobalSection(SolutionConfigurationPlatforms) = preSolution
		Debug|Any CPU = Debug|Any CPU
		Release|Any CPU = Release|Any CPU
	EndGlobalSection
	GlobalSection(ProjectConfigurationPlatforms) = postSolution
		{EE663A79-2C3C-4819-85FE-1632DAC9DE04}.Debug|Any CPU.ActiveCfg = Debug|Any CPU
		{EE663A79-2C3C-4819-85FE-1632DAC9DE04}.Debug|Any CPU.Build.0 = Debug|Any CPU
		{EE663A79-2C3C-4819-85FE-1632DAC9DE04}.Release|Any CPU.ActiveCfg = Release|Any CPU
		{EE663A79-2C3C-4819-85FE-1632DAC9DE04}.Release|Any CPU.Build.0 = Release|Any CPU
	EndGlobalSection
	GlobalSection(SolutionProperties) = preSolution
		HideSolutionNode = FALSE
	EndGlobalSection
	GlobalSection(ExtensibilityGlobals) = postSolution
		SolutionGuid = {1964AD21-F690-4544-8E16-F17B6313B3DE}
	EndGlobalSection
EndGlobal
